
Microsoft Visual Studio Solution File, Format Version 12.00
# Visual Studio Version 17
VisualStudioVersion = 17.10.35013.160
MinimumVisualStudioVersion = 10.0.40219.1
Project("{FAE04EC0-301F-11D3-BF4B-00C04F79EFBC}") = "splitwisescaler", "splitwisescaler.csproj", "{3934B5BA-5F30-4EDB-969A-2C9E0D22376F}"
EndProject
Global
	GlobalSection(SolutionConfigurationPlatforms) = preSolution
		Debug|Any CPU = Debug|Any CPU
		Release|Any CPU = Release|Any CPU
	EndGlobalSection
	GlobalSection(ProjectConfigurationPlatforms) = postSolution
		{3934B5BA-5F30-4EDB-969A-2C9E0D22376F}.Debug|Any CPU.ActiveCfg = Debug|Any CPU
		{3934B5BA-5F30-4EDB-969A-2C9E0D22376F}.Debug|Any CPU.Build.0 = Debug|Any CPU
		{3934B5BA-5F30-4EDB-969A-2C9E0D22376F}.Release|Any CPU.ActiveCfg = Release|Any CPU
		{3934B5BA-5F30-4EDB-969A-2C9E0D22376F}.Release|Any CPU.Build.0 = Release|Any CPU
	EndGlobalSection
	GlobalSection(SolutionProperties) = preSolution
		HideSolutionNode = FALSE
	EndGlobalSection
	GlobalSection(ExtensibilityGlobals) = postSolution
		SolutionGuid = {4E2D6E8B-6BD0-4A54-8727-BF757B59DD70}
	EndGlobalSection
EndGlobal
